
Microsoft Visual Studio Solution File, Format Version 12.00
# Visual Studio Version 17
VisualStudioVersion = 17.9.34622.214
MinimumVisualStudioVersion = 10.0.40219.1
Project("{FAE04EC0-301F-11D3-BF4B-00C04F79EFBC}") = "Subiect1", "Subiect1.csproj", "{68A54D5F-7D2F-4E1D-B9E9-1CA266DC94F1}"
EndProject
Global
	GlobalSection(SolutionConfigurationPlatforms) = preSolution
		Debug|Any CPU = Debug|Any CPU
		Release|Any CPU = Release|Any CPU
	EndGlobalSection
	GlobalSection(ProjectConfigurationPlatforms) = postSolution
		{68A54D5F-7D2F-4E1D-B9E9-1CA266DC94F1}.Debug|Any CPU.ActiveCfg = Debug|Any CPU
		{68A54D5F-7D2F-4E1D-B9E9-1CA266DC94F1}.Debug|Any CPU.Build.0 = Debug|Any CPU
		{68A54D5F-7D2F-4E1D-B9E9-1CA266DC94F1}.Release|Any CPU.ActiveCfg = Release|Any CPU
		{68A54D5F-7D2F-4E1D-B9E9-1CA266DC94F1}.Release|Any CPU.Build.0 = Release|Any CPU
	EndGlobalSection
	GlobalSection(SolutionProperties) = preSolution
		HideSolutionNode = FALSE
	EndGlobalSection
	GlobalSection(ExtensibilityGlobals) = postSolution
		SolutionGuid = {416605FE-9109-4599-9CA5-DE7D2838793B}
	EndGlobalSection
EndGlobal
